{
  "nodes": {
    "devkitNix": {
      "inputs": {
        "flake-utils": "flake-utils",
        "nixpkgs": [
          "finalize",
          "nixpkgs"
        ]
      },
      "locked": {
        "lastModified": 1766539742,
        "narHash": "sha256-F6OeM2LrLo2n+Xg5XU4udQR/vuWWrDMKxXRzNXE2ClQ=",
        "owner": "bandithedoge",
        "repo": "devkitNix",
        "rev": "c97f9880737716085e78009cba6bf85ad104628b",
        "type": "github"
      },
      "original": {
        "owner": "bandithedoge",
        "repo": "devkitNix",
        "type": "github"
      }
    },
    "finalize": {
      "inputs": {
        "devkitNix": "devkitNix",
        "nixpkgs": [
          "nixpkgs"
        ]
      },
      "locked": {
        "lastModified": 1,
        "narHash": "sha256-l/kWyaSg45ceXjU/Loho6iO5T6qffLqPr7gkjkowP3o=",
        "path": "finalize",
        "type": "path"
      },
      "original": {
        "path": "finalize",
        "type": "path"
      }
    },
    "flake-utils": {
      "inputs": {
        "systems": "systems"
      },
      "locked": {
        "lastModified": 1731533236,
        "narHash": "sha256-l0KFg5HjrsfsO/JpG+r7fRrqm12kzFHyUHqHCVpMMbI=",
        "owner": "numtide",
        "repo": "flake-utils",
        "rev": "11707dc2f618dd54ca8739b309ec4fc024de578b",
        "type": "github"
      },
      "original": {
        "owner": "numtide",
        "repo": "flake-utils",
        "type": "github"
      }
    },
    "hax-nur": {
      "inputs": {
        "nixpkgs": [
          "nixpkgs"
        ],
        "treefmt-nix": "treefmt-nix"
      },
      "locked": {
        "lastModified": 1780531923,
        "narHash": "sha256-w0sFf91nwGwQTZ7KK5qDqmBhZwtqizvJFURXsudfjWY=",
        "owner": "ihaveamac",
        "repo": "nur-packages",
        "rev": "33fffc0a25a42a280b5b0f65434f3c8b3c9d4d27",
        "type": "github"
      },
      "original": {
        "owner": "ihaveamac",
        "ref": "master",
        "repo": "nur-packages",
        "type": "github"
      }
    },
    "nixpkgs": {
      "locked": {
        "lastModified": 1780365719,
        "narHash": "sha256-QfWfccTN+70ZQ4m2qlU9PiKfz2Yppq94058iJyARNwc=",
        "owner": "NixOS",
        "repo": "nixpkgs",
        "rev": "ffa10e26ae11d676b2db836259889f1f571cb14f",
        "type": "github"
      },
      "original": {
        "owner": "NixOS",
        "ref": "nixpkgs-unstable",
        "repo": "nixpkgs",
        "type": "github"
      }
    },
    "pyctr": {
      "inputs": {
        "nixpkgs": [
          "nixpkgs"
        ],
        "treefmt-nix": "treefmt-nix_2"
      },
      "locked": {
        "lastModified": 1768192277,
        "narHash": "sha256-hb9VhBho/LG0Z07pVRARgwGQ0GhB9JYVlMghaXWF6TI=",
        "owner": "ihaveamac",
        "repo": "pyctr",
        "rev": "956cd894b61534a8160fc496afa137e957606c90",
        "type": "github"
      },
      "original": {
        "owner": "ihaveamac",
        "ref": "master",
        "repo": "pyctr",
        "type": "github"
      }
    },
    "root": {
      "inputs": {
        "finalize": "finalize",
        "hax-nur": "hax-nur",
        "nixpkgs": "nixpkgs",
        "pyctr": "pyctr"
      }
    },
    "systems": {
      "locked": {
        "lastModified": 1681028828,
        "narHash": "sha256-Vy1rq5AaRuLzOxct8nz4T6wlgyUR7zLU309k9mBC768=",
        "owner": "nix-systems",
        "repo": "default",
        "rev": "da67096a3b9bf56a91d16901293e51ba5b49a27e",
        "type": "github"
      },
      "original": {
        "owner": "nix-systems",
        "repo": "default",
        "type": "github"
      }
    },
    "treefmt-nix": {
      "inputs": {
        "nixpkgs": [
          "hax-nur",
          "nixpkgs"
        ]
      },
      "locked": {
        "lastModified": 1780220602,
        "narHash": "sha256-eynAfOmbmxJnkp7YewvCEbShNnnYJ9gLLqkzsYtBPeM=",
        "owner": "numtide",
        "repo": "treefmt-nix",
        "rev": "db947814a175b7ca6ded66e21383d938df01c227",
        "type": "github"
      },
      "original": {
        "owner": "numtide",
        "repo": "treefmt-nix",
        "type": "github"
      }
    },
    "treefmt-nix_2": {
      "inputs": {
        "nixpkgs": [
          "pyctr",
          "nixpkgs"
        ]
      },
      "locked": {
        "lastModified": 1768158989,
        "narHash": "sha256-67vyT1+xClLldnumAzCTBvU0jLZ1YBcf4vANRWP3+Ak=",
        "owner": "numtide",
        "repo": "treefmt-nix",
        "rev": "e96d59dff5c0d7fddb9d113ba108f03c3ef99eca",
        "type": "github"
      },
      "original": {
        "owner": "numtide",
        "repo": "treefmt-nix",
        "type": "github"
      }
    }
  },
  "root": "root",
  "version": 7
}
